# This file is generated by running "yarn install" inside your project.
# Manual changes might be lost - proceed with caution!

__metadata:
  version: 8
  cacheKey: 10c0

"mansouri-nutritionist-platform@workspace:.":
  version: 0.0.0-use.local
  resolution: "mansouri-nutritionist-platform@workspace:."
  dependencies:
    prettier: "npm:^3.2.5"
    turbo: "npm:^1.12.4"
  languageName: unknown
  linkType: soft

"prettier@npm:^3.2.5":
  version: 3.5.3
  resolution: "prettier@npm:3.5.3"
  bin:
    prettier: bin/prettier.cjs
  checksum: 10c0/3880cb90b9dc0635819ab52ff571518c35bd7f15a6e80a2054c05dbc8a3aa6e74f135519e91197de63705bcb38388ded7e7230e2178432a1468005406238b877
  languageName: node
  linkType: hard

"turbo-darwin-64@npm:1.13.4":
  version: 1.13.4
  resolution: "turbo-darwin-64@npm:1.13.4"
  conditions: os=darwin & cpu=x64
  languageName: node
  linkType: hard

"turbo-darwin-arm64@npm:1.13.4":
  version: 1.13.4
  resolution: "turbo-darwin-arm64@npm:1.13.4"
  conditions: os=darwin & cpu=arm64
  languageName: node
  linkType: hard

"turbo-linux-64@npm:1.13.4":
  version: 1.13.4
  resolution: "turbo-linux-64@npm:1.13.4"
  conditions: os=linux & cpu=x64
  languageName: node
  linkType: hard

"turbo-linux-arm64@npm:1.13.4":
  version: 1.13.4
  resolution: "turbo-linux-arm64@npm:1.13.4"
  conditions: os=linux & cpu=arm64
  languageName: node
  linkType: hard

"turbo-windows-64@npm:1.13.4":
  version: 1.13.4
  resolution: "turbo-windows-64@npm:1.13.4"
  conditions: os=win32 & cpu=x64
  languageName: node
  linkType: hard

"turbo-windows-arm64@npm:1.13.4":
  version: 1.13.4
  resolution: "turbo-windows-arm64@npm:1.13.4"
  conditions: os=win32 & cpu=arm64
  languageName: node
  linkType: hard

"turbo@npm:^1.12.4":
  version: 1.13.4
  resolution: "turbo@npm:1.13.4"
  dependencies:
    turbo-darwin-64: "npm:1.13.4"
    turbo-darwin-arm64: "npm:1.13.4"
    turbo-linux-64: "npm:1.13.4"
    turbo-linux-arm64: "npm:1.13.4"
    turbo-windows-64: "npm:1.13.4"
    turbo-windows-arm64: "npm:1.13.4"
  dependenciesMeta:
    turbo-darwin-64:
      optional: true
    turbo-darwin-arm64:
      optional: true
    turbo-linux-64:
      optional: true
    turbo-linux-arm64:
      optional: true
    turbo-windows-64:
      optional: true
    turbo-windows-arm64:
      optional: true
  bin:
    turbo: bin/turbo
  checksum: 10c0/be23d926caa905f03313537128d623e8e4561bee6463a77f7e68d840f5a9e4f965d16d9ecb9e27ebcb13bfa1649a110517734efe56e96e47195cabb2dfc965c3
  languageName: node
  linkType: hard
